
Microsoft Visual Studio Solution File, Format Version 12.00
# Visual Studio Version 16
VisualStudioVersion = 16.0.29911.84
MinimumVisualStudioVersion = 10.0.40219.1
Project("{FAE04EC0-301F-11D3-BF4B-00C04F79EFBC}") = "selectdemo", "selectdemo.csproj", "{CF2DE972-29A2-4EB1-9DA8-733340A365BA}"
EndProject
Global
	GlobalSection(SolutionConfigurationPlatforms) = preSolution
		Debug|Any CPU = Debug|Any CPU
		Release|Any CPU = Release|Any CPU
	EndGlobalSection
	GlobalSection(ProjectConfigurationPlatforms) = postSolution
		{CF2DE972-29A2-4EB1-9DA8-733340A365BA}.Debug|Any CPU.ActiveCfg = Debug|Any CPU
		{CF2DE972-29A2-4EB1-9DA8-733340A365BA}.Debug|Any CPU.Build.0 = Debug|Any CPU
		{CF2DE972-29A2-4EB1-9DA8-733340A365BA}.Release|Any CPU.ActiveCfg = Release|Any CPU
		{CF2DE972-29A2-4EB1-9DA8-733340A365BA}.Release|Any CPU.Build.0 = Release|Any CPU
	EndGlobalSection
	GlobalSection(SolutionProperties) = preSolution
		HideSolutionNode = FALSE
	EndGlobalSection
	GlobalSection(ExtensibilityGlobals) = postSolution
		SolutionGuid = {0424D29A-EEF0-4250-8899-770776192189}
	EndGlobalSection
EndGlobal
